Microsoft Visual Studio Solution File, Format Version 12.00
# Visual Studio Version 17
VisualStudioVersion = 17.5.2.0
MinimumVisualStudioVersion = 10.0.40219.1
Project("{FAE04EC0-301F-11D3-BF4B-00C04F79EFBC}") = "individuella", "individuella.csproj", "{14859C8C-E428-DD2B-92B2-A289DFF00ECF}"
EndProject
Global
	GlobalSection(SolutionConfigurationPlatforms) = preSolution
		Debug|Any CPU = Debug|Any CPU
		Release|Any CPU = Release|Any CPU
	EndGlobalSection
	GlobalSection(ProjectConfigurationPlatforms) = postSolution
		{14859C8C-E428-DD2B-92B2-A289DFF00ECF}.Debug|Any CPU.ActiveCfg = Debug|Any CPU
		{14859C8C-E428-DD2B-92B2-A289DFF00ECF}.Debug|Any CPU.Build.0 = Debug|Any CPU
		{14859C8C-E428-DD2B-92B2-A289DFF00ECF}.Release|Any CPU.ActiveCfg = Release|Any CPU
		{14859C8C-E428-DD2B-92B2-A289DFF00ECF}.Release|Any CPU.Build.0 = Release|Any CPU
	EndGlobalSection
	GlobalSection(SolutionProperties) = preSolution
		HideSolutionNode = FALSE
	EndGlobalSection
	GlobalSection(ExtensibilityGlobals) = postSolution
		SolutionGuid = {167FE570-368E-45E3-A27B-E9E8ADE54C12}
	EndGlobalSection
EndGlobal
